// !$*UTF8*$!
{
	archiveVersion = 1;
	classes = {
	};
	objectVersion = 50;
	objects = {

/* Begin PBXBuildFile section */
		000BC75D20AF183900874CBE /* french.strings in Resources */ = {isa = PBXBuildFile; fileRef = 000BC75B20AF183900874CBE /* french.strings */; };
		001E773C20AD415800D08581 /* AppDelegate.swift in Sources */ = {isa = PBXBuildFile; fileRef = 001E773B20AD415800D08581 /* AppDelegate.swift */; };
		001E773E20AD415800D08581 /* ViewController.swift in Sources */ = {isa = PBXBuildFile; fileRef = 001E773D20AD415800D08581 /* ViewController.swift */; };
		001E774120AD415800D08581 /* Main.storyboard in Resources */ = {isa = PBXBuildFile; fileRef = 001E773F20AD415800D08581 /* Main.storyboard */; };
		001E774420AD415800D08581 /* map.xcdatamodeld in Sources */ = {isa = PBXBuildFile; fileRef = 001E774220AD415800D08581 /* map.xcdatamodeld */; };
		001E774620AD415D00D08581 /* Assets.xcassets in Resources */ = {isa = PBXBuildFile; fileRef = 001E774520AD415D00D08581 /* Assets.xcassets */; };
		001E774920AD415D00D08581 /* LaunchScreen.storyboard in Resources */ = {isa = PBXBuildFile; fileRef = 001E774720AD415D00D08581 /* LaunchScreen.storyboard */; };
		001E775120AD777400D08581 /* CoreLocation.framework in Frameworks */ = {isa = PBXBuildFile; fileRef = 001E775020AD777400D08581 /* CoreLocation.framework */; };
		0086A2DB20AEEBC20096156E /* bg_eventbox.png in Resources */ = {isa = PBXBuildFile; fileRef = 0086A2DA20AEEBC20096156E /* bg_eventbox.png */; };
		FC523A9DFECA555E5E311700 /* Pods_map.framework in Frameworks */ = {isa = PBXBuildFile; fileRef = 1824FDF1B06CC565E677A9F4 /* Pods_map.framework */; };
/* End PBXBuildFile section */

/* Begin PBXFileReference section */
		000BC75920AF17C800874CBE /* fr */ = {isa = PBXFileReference; lastKnownFileType = text.plist.strings; name = fr; path = fr.lproj/Main.strings; sourceTree = "<group>"; };
		000BC75A20AF17C900874CBE /* fr */ = {isa = PBXFileReference; lastKnownFileType = text.plist.strings; name = fr; path = fr.lproj/LaunchScreen.strings; sourceTree = "<group>"; };
		000BC75C20AF183900874CBE /* fr */ = {isa = PBXFileReference; lastKnownFileType = text.plist.strings; name = fr; path = fr.lproj/french.strings; sourceTree = "<group>"; };
		000BC75E20AF186500874CBE /* en */ = {isa = PBXFileReference; lastKnownFileType = text.plist.strings; name = en; path = en.lproj/french.strings; sourceTree = "<group>"; };
		001E773820AD415800D08581 /* map.app */ = {isa = PBXFileReference; explicitFileType = wrapper.application; includeInIndex = 0; path = map.app; sourceTree = BUILT_PRODUCTS_DIR; };
		001E773B20AD415800D08581 /* AppDelegate.swift */ = {isa = PBXFileReference; lastKnownFileType = sourcecode.swift; path = AppDelegate.swift; sourceTree = "<group>"; };
		001E773D20AD415800D08581 /* ViewController.swift */ = {isa = PBXFileReference; lastKnownFileType = sourcecode.swift; path = ViewController.swift; sourceTree = "<group>"; };
		001E774020AD415800D08581 /* Base */ = {isa = PBXFileReference; lastKnownFileType = file.storyboard; name = Base; path = Base.lproj/Main.storyboard; sourceTree = "<group>"; };
		001E774320AD415800D08581 /* map.xcdatamodel */ = {isa = PBXFileReference; lastKnownFileType = wrapper.xcdatamodel; path = map.xcdatamodel; sourceTree = "<group>"; };
		001E774520AD415D00D08581 /* Assets.xcassets */ = {isa = PBXFileReference; lastKnownFileType = folder.assetcatalog; path = Assets.xcassets; sourceTree = "<group>"; };
		001E774820AD415D00D08581 /* Base */ = {isa = PBXFileReference; lastKnownFileType = file.storyboard; name = Base; path = Base.lproj/LaunchScreen.storyboard; sourceTree = "<group>"; };
		001E774A20AD415D00D08581 /* Info.plist */ = {isa = PBXFileReference; lastKnownFileType = text.plist.xml; path = Info.plist; sourceTree = "<group>"; };
		001E775020AD777400D08581 /* CoreLocation.framework */ = {isa = PBXFileReference; lastKnownFileType = wrapper.framework; name = CoreLocation.framework; path = System/Library/Frameworks/CoreLocation.framework; sourceTree = SDKROOT; };
		0086A2DA20AEEBC20096156E /* bg_eventbox.png */ = {isa = PBXFileReference; lastKnownFileType = image.png; name = bg_eventbox.png; path = ../../../Images/bg_eventbox.png; sourceTree = "<group>"; };
		1824FDF1B06CC565E677A9F4 /* Pods_map.framework */ = {isa = PBXFileReference; explicitFileType = wrapper.framework; includeInIndex = 0; path = Pods_map.framework; sourceTree = BUILT_PRODUCTS_DIR; };
		49BCA0CB959DC52E2663D4FA /* Pods-map.release.xcconfig */ = {isa = PBXFileReference; includeInIndex = 1; lastKnownFileType = text.xcconfig; name = "Pods-map.release.xcconfig"; path = "Pods/Target Support Files/Pods-map/Pods-map.release.xcconfig"; sourceTree = "<group>"; };
		B734C04B40A7ADD782D5DFB9 /* Pods-map.debug.xcconfig */ = {isa = PBXFileReference; includeInIndex = 1; lastKnownFileType = text.xcconfig; name = "Pods-map.debug.xcconfig"; path = "Pods/Target Support Files/Pods-map/Pods-map.debug.xcconfig"; sourceTree = "<group>"; };
/* End PBXFileReference section */

/* Begin PBXFrameworksBuildPhase section */
		001E773520AD415800D08581 /* Frameworks */ = {
			isa = PBXFrameworksBuildPhase;
			buildActionMask = 2147483647;
			files = (
				001E775120AD777400D08581 /* CoreLocation.framework in Frameworks */,
				FC523A9DFECA555E5E311700 /* Pods_map.framework in Frameworks */,
			);
			runOnlyForDeploymentPostprocessing = 0;
		};
/* End PBXFrameworksBuildPhase section */

/* Begin PBXGroup section */
		001E772F20AD415800D08581 = {
			isa = PBXGroup;
			children = (
				001E773A20AD415800D08581 /* map */,
				001E773920AD415800D08581 /* Products */,
				0155FB1826060DA1CBCC1848 /* Pods */,
				0B2E9FC9193D6F9BC6DB42EB /* Frameworks */,
			);
			sourceTree = "<group>";
		};
		001E773920AD415800D08581 /* Products */ = {
			isa = PBXGroup;
			children = (
				001E773820AD415800D08581 /* map.app */,
			);
			name = Products;
			sourceTree = "<group>";
		};
		001E773A20AD415800D08581 /* map */ = {
			isa = PBXGroup;
			children = (
				001E773B20AD415800D08581 /* AppDelegate.swift */,
				001E773D20AD415800D08581 /* ViewController.swift */,
				001E773F20AD415800D08581 /* Main.storyboard */,
				001E774520AD415D00D08581 /* Assets.xcassets */,
				0086A2DA20AEEBC20096156E /* bg_eventbox.png */,
				001E774720AD415D00D08581 /* LaunchScreen.storyboard */,
				001E774A20AD415D00D08581 /* Info.plist */,
				001E774220AD415800D08581 /* map.xcdatamodeld */,
				000BC75B20AF183900874CBE /* french.strings */,
			);
			path = map;
			sourceTree = "<group>";
		};
		0155FB1826060DA1CBCC1848 /* Pods */ = {
			isa = PBXGroup;
			children = (
				B734C04B40A7ADD782D5DFB9 /* Pods-map.debug.xcconfig */,
				49BCA0CB959DC52E2663D4FA /* Pods-map.release.xcconfig */,
			);
			name = Pods;
			sourceTree = "<group>";
		};
		0B2E9FC9193D6F9BC6DB42EB /* Frameworks */ = {
			isa = PBXGroup;
			children = (
				001E775020AD777400D08581 /* CoreLocation.framework */,
				1824FDF1B06CC565E677A9F4 /* Pods_map.framework */,
			);
			name = Frameworks;
			sourceTree = "<group>";
		};
/* End PBXGroup section */

/* Begin PBXNativeTarget section */
		001E773720AD415800D08581 /* map */ = {
			isa = PBXNativeTarget;
			buildConfigurationList = 001E774D20AD415D00D08581 /* Build configuration list for PBXNativeTarget "map" */;
			buildPhases = (
				5DBD6CB491220E659F1F6607 /* [CP] Check Pods Manifest.lock */,
				001E773420AD415800D08581 /* Sources */,
				001E773520AD415800D08581 /* Frameworks */,
				001E773620AD415800D08581 /* Resources */,
				EBF63CBD22C4AE038C359ECA /* [CP] Copy Pods Resources */,
				8FCFDABDF48FC384452202E8 /* [CP] Embed Pods Frameworks */,
			);
			buildRules = (
			);
			dependencies = (
			);
			name = map;
			productName = map;
			productReference = 001E773820AD415800D08581 /* map.app */;
			productType = "com.apple.product-type.application";
		};
/* End PBXNativeTarget section */

/* Begin PBXProject section */
		001E773020AD415800D08581 /* Project object */ = {
			isa = PBXProject;
			attributes = {
				LastSwiftUpdateCheck = 0930;
				LastUpgradeCheck = 0930;
				ORGANIZATIONNAME = "Amshuhu iTech Solutions";
				TargetAttributes = {
					001E773720AD415800D08581 = {
						CreatedOnToolsVersion = 9.3;
					};
				};
			};
			buildConfigurationList = 001E773320AD415800D08581 /* Build configuration list for PBXProject "map" */;
			compatibilityVersion = "Xcode 9.3";
			developmentRegion = en;
			hasScannedForEncodings = 0;
			knownRegions = (
				en,
				Base,
				fr,
			);
			mainGroup = 001E772F20AD415800D08581;
			productRefGroup = 001E773920AD415800D08581 /* Products */;
			projectDirPath = "";
			projectRoot = "";
			targets = (
				001E773720AD415800D08581 /* map */,
			);
		};
/* End PBXProject section */

/* Begin PBXResourcesBuildPhase section */
		001E773620AD415800D08581 /* Resources */ = {
			isa = PBXResourcesBuildPhase;
			buildActionMask = 2147483647;
			files = (
				001E774920AD415D00D08581 /* LaunchScreen.storyboard in Resources */,
				000BC75D20AF183900874CBE /* french.strings in Resources */,
				0086A2DB20AEEBC20096156E /* bg_eventbox.png in Resources */,
				001E774620AD415D00D08581 /* Assets.xcassets in Resources */,
				001E774120AD415800D08581 /* Main.storyboard in Resources */,
			);
			runOnlyForDeploymentPostprocessing = 0;
		};
/* End PBXResourcesBuildPhase section */

/* Begin PBXShellScriptBuildPhase section */
		5DBD6CB491220E659F1F6607 /* [CP] Check Pods Manifest.lock */ = {
			isa = PBXShellScriptBuildPhase;
			buildActionMask = 2147483647;
			files = (
			);
			inputPaths = (
				"${PODS_PODFILE_DIR_PATH}/Podfile.lock",
				"${PODS_ROOT}/Manifest.lock",
			);
			name = "[CP] Check Pods Manifest.lock";
			outputPaths = (
				"$(DERIVED_FILE_DIR)/Pods-map-checkManifestLockResult.txt",
			);
			runOnlyForDeploymentPostprocessing = 0;
			shellPath = /bin/sh;
			shellScript = "diff \"${PODS_PODFILE_DIR_PATH}/Podfile.lock\" \"${PODS_ROOT}/Manifest.lock\" > /dev/null\nif [ $? != 0 ] ; then\n    # print error to STDERR\n    echo \"error: The sandbox is not in sync with the Podfile.lock. Run 'pod install' or update your CocoaPods installation.\" >&2\n    exit 1\nfi\n# This output is used by Xcode 'outputs' to avoid re-running this script phase.\necho \"SUCCESS\" > \"${SCRIPT_OUTPUT_FILE_0}\"\n";
			showEnvVarsInLog = 0;
		};
		8FCFDABDF48FC384452202E8 /* [CP] Embed Pods Frameworks */ = {
			isa = PBXShellScriptBuildPhase;
			buildActionMask = 2147483647;
			files = (
			);
			inputPaths = (
				"${SRCROOT}/Pods/Target Support Files/Pods-map/Pods-map-frameworks.sh",
				"${BUILT_PRODUCTS_DIR}/Alamofire/Alamofire.framework",
				"${BUILT_PRODUCTS_DIR}/SwiftyJSON/SwiftyJSON.framework",
			);
			name = "[CP] Embed Pods Frameworks";
			outputPaths = (
				"${TARGET_BUILD_DIR}/${FRAMEWORKS_FOLDER_PATH}/Alamofire.framework",
				"${TARGET_BUILD_DIR}/${FRAMEWORKS_FOLDER_PATH}/SwiftyJSON.framework",
			);
			runOnlyForDeploymentPostprocessing = 0;
			shellPath = /bin/sh;
			shellScript = "\"${SRCROOT}/Pods/Target Support Files/Pods-map/Pods-map-frameworks.sh\"\n";
			showEnvVarsInLog = 0;
		};
		EBF63CBD22C4AE038C359ECA /* [CP] Copy Pods Resources */ = {
			isa = PBXShellScriptBuildPhase;
			buildActionMask = 2147483647;
			files = (
			);
			inputPaths = (
				"${SRCROOT}/Pods/Target Support Files/Pods-map/Pods-map-resources.sh",
				"${PODS_ROOT}/GoogleMaps/Maps/Frameworks/GoogleMaps.framework/Resources/GoogleMaps.bundle",
			);
			name = "[CP] Copy Pods Resources";
			outputPaths = (
				"${TARGET_BUILD_DIR}/${UNLOCALIZED_RESOURCES_FOLDER_PATH}/GoogleMaps.bundle",
			);
			runOnlyForDeploymentPostprocessing = 0;
			shellPath = /bin/sh;
			shellScript = "\"${SRCROOT}/Pods/Target Support Files/Pods-map/Pods-map-resources.sh\"\n";
			showEnvVarsInLog = 0;
		};
/* End PBXShellScriptBuildPhase section */

/* Begin PBXSourcesBuildPhase section */
		001E773420AD415800D08581 /* Sources */ = {
			isa = PBXSourcesBuildPhase;
			buildActionMask = 2147483647;
			files = (
				001E774420AD415800D08581 /* map.xcdatamodeld in Sources */,
				001E773E20AD415800D08581 /* ViewController.swift in Sources */,
				001E773C20AD415800D08581 /* AppDelegate.swift in Sources */,
			);
			runOnlyForDeploymentPostprocessing = 0;
		};
/* End PBXSourcesBuildPhase section */

/* Begin PBXVariantGroup section */
		000BC75B20AF183900874CBE /* french.strings */ = {
			isa = PBXVariantGroup;
			children = (
				000BC75C20AF183900874CBE /* fr */,
				000BC75E20AF186500874CBE /* en */,
			);
			name = french.strings;
			sourceTree = "<group>";
		};
		001E773F20AD415800D08581 /* Main.storyboard */ = {
			isa = PBXVariantGroup;
			children = (
				001E774020AD415800D08581 /* Base */,
				000BC75920AF17C800874CBE /* fr */,
			);
			name = Main.storyboard;
			sourceTree = "<group>";
		};
		001E774720AD415D00D08581 /* LaunchScreen.storyboard */ = {
			isa = PBXVariantGroup;
			children = (
				001E774820AD415D00D08581 /* Base */,
				000BC75A20AF17C900874CBE /* fr */,
			);
			name = LaunchScreen.storyboard;
			sourceTree = "<group>";
		};
/* End PBXVariantGroup section */

/* Begin XCBuildConfiguration section */
		001E774B20AD415D00D08581 /* Debug */ = {
			isa = XCBuildConfiguration;
			buildSettings = {
				ALWAYS_SEARCH_USER_PATHS = NO;
				CLANG_ANALYZER_LOCALIZABILITY_NONLOCALIZED = YES;
				CLANG_ANALYZER_NONNULL = YES;
				CLANG_ANALYZER_NUMBER_OBJECT_CONVERSION = YES_AGGRESSIVE;
				CLANG_CXX_LANGUAGE_STANDARD = "gnu++14";
				CLANG_CXX_LIBRARY = "libc++";
				CLANG_ENABLE_MODULES = YES;
				CLANG_ENABLE_OBJC_ARC = YES;
				CLANG_ENABLE_OBJC_WEAK = YES;
				CLANG_WARN_BLOCK_CAPTURE_AUTORELEASING = YES;
				CLANG_WARN_BOOL_CONVERSION = YES;
				CLANG_WARN_COMMA = YES;
				CLANG_WARN_CONSTANT_CONVERSION = YES;
				CLANG_WARN_DEPRECATED_OBJC_IMPLEMENTATIONS = YES;
				CLANG_WARN_DIRECT_OBJC_ISA_USAGE = YES_ERROR;
				CLANG_WARN_DOCUMENTATION_COMMENTS = YES;
				CLANG_WARN_EMPTY_BODY = YES;
				CLANG_WARN_ENUM_CONVERSION = YES;
				CLANG_WARN_INFINITE_RECURSION = YES;
				CLANG_WARN_INT_CONVERSION = YES;
				CLANG_WARN_NON_LITERAL_NULL_CONVERSION = YES;
				CLANG_WARN_OBJC_IMPLICIT_RETAIN_SELF = YES;
				CLANG_WARN_OBJC_LITERAL_CONVERSION = YES;
				CLANG_WARN_OBJC_ROOT_CLASS = YES_ERROR;
				CLANG_WARN_RANGE_LOOP_ANALYSIS = YES;
				CLANG_WARN_STRICT_PROTOTYPES = YES;
				CLANG_WARN_SUSPICIOUS_MOVE = YES;
				CLANG_WARN_UNGUARDED_AVAILABILITY = YES_AGGRESSIVE;
				CLANG_WARN_UNREACHABLE_CODE = YES;
				CLANG_WARN__DUPLICATE_METHOD_MATCH = YES;
				CODE_SIGN_IDENTITY = "iPhone Developer";
				COPY_PHASE_STRIP = NO;
				DEBUG_INFORMATION_FORMAT = dwarf;
				ENABLE_STRICT_OBJC_MSGSEND = YES;
				ENABLE_TESTABILITY = YES;
				GCC_C_LANGUAGE_STANDARD = gnu11;
				GCC_DYNAMIC_NO_PIC = NO;
				GCC_NO_COMMON_BLOCKS = YES;
				GCC_OPTIMIZATION_LEVEL = 0;
				GCC_PREPROCESSOR_DEFINITIONS = (
					"DEBUG=1",
					"$(inherited)",
				);
				GCC_WARN_64_TO_32_BIT_CONVERSION = YES;
				GCC_WARN_ABOUT_RETURN_TYPE = YES_ERROR;
				GCC_WARN_UNDECLARED_SELECTOR = YES;
				GCC_WARN_UNINITIALIZED_AUTOS = YES_AGGRESSIVE;
				GCC_WARN_UNUSED_FUNCTION = YES;
				GCC_WARN_UNUSED_VARIABLE = YES;
				IPHONEOS_DEPLOYMENT_TARGET = 11.0;
				MTL_ENABLE_DEBUG_INFO = YES;
				ONLY_ACTIVE_ARCH = YES;
				SDKROOT = iphoneos;
				SWIFT_ACTIVE_COMPILATION_CONDITIONS = DEBUG;
				SWIFT_OPTIMIZATION_LEVEL = "-Onone";
			};
			name = Debug;
		};
		001E774C20AD415D00D08581 /* Release */ = {
			isa = XCBuildConfiguration;
			buildSettings = {
				ALWAYS_SEARCH_USER_PATHS = NO;
				CLANG_ANALYZER_LOCALIZABILITY_NONLOCALIZED = YES;
				CLANG_ANALYZER_NONNULL = YES;
				CLANG_ANALYZER_NUMBER_OBJECT_CONVERSION = YES_AGGRESSIVE;
				CLANG_CXX_LANGUAGE_STANDARD = "gnu++14";
				CLANG_CXX_LIBRARY = "libc++";
				CLANG_ENABLE_MODULES = YES;
				CLANG_ENABLE_OBJC_ARC = YES;
				CLANG_ENABLE_OBJC_WEAK = YES;
				CLANG_WARN_BLOCK_CAPTURE_AUTORELEASING = YES;
				CLANG_WARN_BOOL_CONVERSION = YES;
				CLANG_WARN_COMMA = YES;
				CLANG_WARN_CONSTANT_CONVERSION = YES;
				CLANG_WARN_DEPRECATED_OBJC_IMPLEMENTATIONS = YES;
				CLANG_WARN_DIRECT_OBJC_ISA_USAGE = YES_ERROR;
				CLANG_WARN_DOCUMENTATION_COMMENTS = YES;
				CLANG_WARN_EMPTY_BODY = YES;
				CLANG_WARN_ENUM_CONVERSION = YES;
				CLANG_WARN_INFINITE_RECURSION = YES;
				CLANG_WARN_INT_CONVERSION = YES;
				CLANG_WARN_NON_LITERAL_NULL_CONVERSION = YES;
				CLANG_WARN_OBJC_IMPLICIT_RETAIN_SELF = YES;
				CLANG_WARN_OBJC_LITERAL_CONVERSION = YES;
				CLANG_WARN_OBJC_ROOT_CLASS = YES_ERROR;
				CLANG_WARN_RANGE_LOOP_ANALYSIS = YES;
				CLANG_WARN_STRICT_PROTOTYPES = YES;
				CLANG_WARN_SUSPICIOUS_MOVE = YES;
				CLANG_WARN_UNGUARDED_AVAILABILITY = YES_AGGRESSIVE;
				CLANG_WARN_UNREACHABLE_CODE = YES;
				CLANG_WARN__DUPLICATE_METHOD_MATCH = YES;
				CODE_SIGN_IDENTITY = "iPhone Developer";
				COPY_PHASE_STRIP = NO;
				DEBUG_INFORMATION_FORMAT = "dwarf-with-dsym";
				ENABLE_NS_ASSERTIONS = NO;
				ENABLE_STRICT_OBJC_MSGSEND = YES;
				GCC_C_LANGUAGE_STANDARD = gnu11;
				GCC_NO_COMMON_BLOCKS = YES;
				GCC_WARN_64_TO_32_BIT_CONVERSION = YES;
				GCC_WARN_ABOUT_RETURN_TYPE = YES_ERROR;
				GCC_WARN_UNDECLARED_SELECTOR = YES;
				GCC_WARN_UNINITIALIZED_AUTOS = YES_AGGRESSIVE;
				GCC_WARN_UNUSED_FUNCTION = YES;
				GCC_WARN_UNUSED_VARIABLE = YES;
				IPHONEOS_DEPLOYMENT_TARGET = 11.0;
				MTL_ENABLE_DEBUG_INFO = NO;
				SDKROOT = iphoneos;
				SWIFT_COMPILATION_MODE = wholemodule;
				SWIFT_OPTIMIZATION_LEVEL = "-O";
				VALIDATE_PRODUCT = YES;
			};
			name = Release;
		};
		001E774E20AD415D00D08581 /* Debug */ = {
			isa = XCBuildConfiguration;
			baseConfigurationReference = B734C04B40A7ADD782D5DFB9 /* Pods-map.debug.xcconfig */;
			buildSettings = {
				ASSETCATALOG_COMPILER_APPICON_NAME = AppIcon;
				CODE_SIGN_STYLE = Manual;
				DEVELOPMENT_TEAM = C38BVZ7F7M;
				INFOPLIST_FILE = map/Info.plist;
				LD_RUNPATH_SEARCH_PATHS = (
					"$(inherited)",
					"@executable_path/Frameworks",
				);
				PRODUCT_BUNDLE_IDENTIFIER = com.amshuhu.map;
				PRODUCT_NAME = "$(TARGET_NAME)";
				PROVISIONING_PROFILE = "d9a91b12-1a4c-4e80-9d7a-8b99514bb6bf";
				PROVISIONING_PROFILE_SPECIFIER = wildCard_Prof;
				SWIFT_VERSION = 4.0;
				TARGETED_DEVICE_FAMILY = "1,2";
			};
			name = Debug;
		};
		001E774F20AD415D00D08581 /* Release */ = {
			isa = XCBuildConfiguration;
			baseConfigurationReference = 49BCA0CB959DC52E2663D4FA /* Pods-map.release.xcconfig */;
			buildSettings = {
				ASSETCATALOG_COMPILER_APPICON_NAME = AppIcon;
				CODE_SIGN_STYLE = Manual;
				DEVELOPMENT_TEAM = C38BVZ7F7M;
				INFOPLIST_FILE = map/Info.plist;
				LD_RUNPATH_SEARCH_PATHS = (
					"$(inherited)",
					"@executable_path/Frameworks",
				);
				PRODUCT_BUNDLE_IDENTIFIER = com.amshuhu.map;
				PRODUCT_NAME = "$(TARGET_NAME)";
				PROVISIONING_PROFILE = "d9a91b12-1a4c-4e80-9d7a-8b99514bb6bf";
				PROVISIONING_PROFILE_SPECIFIER = wildCard_Prof;
				SWIFT_VERSION = 4.0;
				TARGETED_DEVICE_FAMILY = "1,2";
			};
			name = Release;
		};
/* End XCBuildConfiguration section */

/* Begin XCConfigurationList section */
		001E773320AD415800D08581 /* Build configuration list for PBXProject "map" */ = {
			isa = XCConfigurationList;
			buildConfigurations = (
				001E774B20AD415D00D08581 /* Debug */,
				001E774C20AD415D00D08581 /* Release */,
			);
			defaultConfigurationIsVisible = 0;
			defaultConfigurationName = Release;
		};
		001E774D20AD415D00D08581 /* Build configuration list for PBXNativeTarget "map" */ = {
			isa = XCConfigurationList;
			buildConfigurations = (
				001E774E20AD415D00D08581 /* Debug */,
				001E774F20AD415D00D08581 /* Release */,
			);
			defaultConfigurationIsVisible = 0;
			defaultConfigurationName = Release;
		};
/* End XCConfigurationList section */

/* Begin XCVersionGroup section */
		001E774220AD415800D08581 /* map.xcdatamodeld */ = {
			isa = XCVersionGroup;
			children = (
				001E774320AD415800D08581 /* map.xcdatamodel */,
			);
			currentVersion = 001E774320AD415800D08581 /* map.xcdatamodel */;
			path = map.xcdatamodeld;
			sourceTree = "<group>";
			versionGroupType = wrapper.xcdatamodel;
		};
/* End XCVersionGroup section */
	};
	rootObject = 001E773020AD415800D08581 /* Project object */;
}
